// !$*UTF8*$!
{
	archiveVersion = 1;
	classes = {
	};
	objectVersion = 50;
	objects = {

/* Begin PBXBuildFile section */
		E440CE29207DB06B0028BE04 /* AppDelegate.swift in Sources */ = {isa = PBXBuildFile; fileRef = E440CE28207DB06B0028BE04 /* AppDelegate.swift */; };
		E440CE2B207DB06B0028BE04 /* ViewController.swift in Sources */ = {isa = PBXBuildFile; fileRef = E440CE2A207DB06B0028BE04 /* ViewController.swift */; };
		E440CE2E207DB06B0028BE04 /* Main.storyboard in Resources */ = {isa = PBXBuildFile; fileRef = E440CE2C207DB06B0028BE04 /* Main.storyboard */; };
		E440CE30207DB06C0028BE04 /* Assets.xcassets in Resources */ = {isa = PBXBuildFile; fileRef = E440CE2F207DB06C0028BE04 /* Assets.xcassets */; };
		E440CE33207DB06C0028BE04 /* LaunchScreen.storyboard in Resources */ = {isa = PBXBuildFile; fileRef = E440CE31207DB06C0028BE04 /* LaunchScreen.storyboard */; };
		E440CE3E207DB06C0028BE04 /* Make24Tests.swift in Sources */ = {isa = PBXBuildFile; fileRef = E440CE3D207DB06C0028BE04 /* Make24Tests.swift */; };
		E440CE49207DB06C0028BE04 /* Make24UITests.swift in Sources */ = {isa = PBXBuildFile; fileRef = E440CE48207DB06C0028BE04 /* Make24UITests.swift */; };
/* End PBXBuildFile section */

/* Begin PBXContainerItemProxy section */
		E440CE3A207DB06C0028BE04 /* PBXContainerItemProxy */ = {
			isa = PBXContainerItemProxy;
			containerPortal = E440CE1D207DB06B0028BE04 /* Project object */;
			proxyType = 1;
			remoteGlobalIDString = E440CE24207DB06B0028BE04;
			remoteInfo = Make24;
		};
		E440CE45207DB06C0028BE04 /* PBXContainerItemProxy */ = {
			isa = PBXContainerItemProxy;
			containerPortal = E440CE1D207DB06B0028BE04 /* Project object */;
			proxyType = 1;
			remoteGlobalIDString = E440CE24207DB06B0028BE04;
			remoteInfo = Make24;
		};
/* End PBXContainerItemProxy section */

/* Begin PBXFileReference section */
		E440CE25207DB06B0028BE04 /* Make24.app */ = {isa = PBXFileReference; explicitFileType = wrapper.application; includeInIndex = 0; path = Make24.app; sourceTree = BUILT_PRODUCTS_DIR; };
		E440CE28207DB06B0028BE04 /* AppDelegate.swift */ = {isa = PBXFileReference; lastKnownFileType = sourcecode.swift; path = AppDelegate.swift; sourceTree = "<group>"; };
		E440CE2A207DB06B0028BE04 /* ViewController.swift */ = {isa = PBXFileReference; lastKnownFileType = sourcecode.swift; path = ViewController.swift; sourceTree = "<group>"; };
		E440CE2D207DB06B0028BE04 /* Base */ = {isa = PBXFileReference; lastKnownFileType = file.storyboard; name = Base; path = Base.lproj/Main.storyboard; sourceTree = "<group>"; };
		E440CE2F207DB06C0028BE04 /* Assets.xcassets */ = {isa = PBXFileReference; lastKnownFileType = folder.assetcatalog; path = Assets.xcassets; sourceTree = "<group>"; };
		E440CE32207DB06C0028BE04 /* Base */ = {isa = PBXFileReference; lastKnownFileType = file.storyboard; name = Base; path = Base.lproj/LaunchScreen.storyboard; sourceTree = "<group>"; };
		E440CE34207DB06C0028BE04 /* Info.plist */ = {isa = PBXFileReference; lastKnownFileType = text.plist.xml; path = Info.plist; sourceTree = "<group>"; };
		E440CE39207DB06C0028BE04 /* Make24Tests.xctest */ = {isa = PBXFileReference; explicitFileType = wrapper.cfbundle; includeInIndex = 0; path = Make24Tests.xctest; sourceTree = BUILT_PRODUCTS_DIR; };
		E440CE3D207DB06C0028BE04 /* Make24Tests.swift */ = {isa = PBXFileReference; lastKnownFileType = sourcecode.swift; path = Make24Tests.swift; sourceTree = "<group>"; };
		E440CE3F207DB06C0028BE04 /* Info.plist */ = {isa = PBXFileReference; lastKnownFileType = text.plist.xml; path = Info.plist; sourceTree = "<group>"; };
		E440CE44207DB06C0028BE04 /* Make24UITests.xctest */ = {isa = PBXFileReference; explicitFileType = wrapper.cfbundle; includeInIndex = 0; path = Make24UITests.xctest; sourceTree = BUILT_PRODUCTS_DIR; };
		E440CE48207DB06C0028BE04 /* Make24UITests.swift */ = {isa = PBXFileReference; lastKnownFileType = sourcecode.swift; path = Make24UITests.swift; sourceTree = "<group>"; };
		E440CE4A207DB06C0028BE04 /* Info.plist */ = {isa = PBXFileReference; lastKnownFileType = text.plist.xml; path = Info.plist; sourceTree = "<group>"; };
/* End PBXFileReference section */

/* Begin PBXFrameworksBuildPhase section */
		E440CE22207DB06B0028BE04 /* Frameworks */ = {
			isa = PBXFrameworksBuildPhase;
			buildActionMask = 2147483647;
			files = (
			);
			runOnlyForDeploymentPostprocessing = 0;
		};
		E440CE36207DB06C0028BE04 /* Frameworks */ = {
			isa = PBXFrameworksBuildPhase;
			buildActionMask = 2147483647;
			files = (
			);
			runOnlyForDeploymentPostprocessing = 0;
		};
		E440CE41207DB06C0028BE04 /* Frameworks */ = {
			isa = PBXFrameworksBuildPhase;
			buildActionMask = 2147483647;
			files = (
			);
			runOnlyForDeploymentPostprocessing = 0;
		};
/* End PBXFrameworksBuildPhase section */

/* Begin PBXGroup section */
		E440CE1C207DB06B0028BE04 = {
			isa = PBXGroup;
			children = (
				E440CE27207DB06B0028BE04 /* Make24 */,
				E440CE3C207DB06C0028BE04 /* Make24Tests */,
				E440CE47207DB06C0028BE04 /* Make24UITests */,
				E440CE26207DB06B0028BE04 /* Products */,
			);
			sourceTree = "<group>";
		};
		E440CE26207DB06B0028BE04 /* Products */ = {
			isa = PBXGroup;
			children = (
				E440CE25207DB06B0028BE04 /* Make24.app */,
				E440CE39207DB06C0028BE04 /* Make24Tests.xctest */,
				E440CE44207DB06C0028BE04 /* Make24UITests.xctest */,
			);
			name = Products;
			sourceTree = "<group>";
		};
		E440CE27207DB06B0028BE04 /* Make24 */ = {
			isa = PBXGroup;
			children = (
				E440CE28207DB06B0028BE04 /* AppDelegate.swift */,
				E440CE2A207DB06B0028BE04 /* ViewController.swift */,
				E440CE2C207DB06B0028BE04 /* Main.storyboard */,
				E440CE2F207DB06C0028BE04 /* Assets.xcassets */,
				E440CE31207DB06C0028BE04 /* LaunchScreen.storyboard */,
				E440CE34207DB06C0028BE04 /* Info.plist */,
			);
			path = Make24;
			sourceTree = "<group>";
		};
		E440CE3C207DB06C0028BE04 /* Make24Tests */ = {
			isa = PBXGroup;
			children = (
				E440CE3D207DB06C0028BE04 /* Make24Tests.swift */,
				E440CE3F207DB06C0028BE04 /* Info.plist */,
			);
			path = Make24Tests;
			sourceTree = "<group>";
		};
		E440CE47207DB06C0028BE04 /* Make24UITests */ = {
			isa = PBXGroup;
			children = (
				E440CE48207DB06C0028BE04 /* Make24UITests.swift */,
				E440CE4A207DB06C0028BE04 /* Info.plist */,
			);
			path = Make24UITests;
			sourceTree = "<group>";
		};
/* End PBXGroup section */

/* Begin PBXNativeTarget section */
		E440CE24207DB06B0028BE04 /* Make24 */ = {
			isa = PBXNativeTarget;
			buildConfigurationList = E440CE4D207DB06C0028BE04 /* Build configuration list for PBXNativeTarget "Make24" */;
			buildPhases = (
				E440CE21207DB06B0028BE04 /* Sources */,
				E440CE22207DB06B0028BE04 /* Frameworks */,
				E440CE23207DB06B0028BE04 /* Resources */,
			);
			buildRules = (
			);
			dependencies = (
			);
			name = Make24;
			productName = Make24;
			productReference = E440CE25207DB06B0028BE04 /* Make24.app */;
			productType = "com.apple.product-type.application";
		};
		E440CE38207DB06C0028BE04 /* Make24Tests */ = {
			isa = PBXNativeTarget;
			buildConfigurationList = E440CE50207DB06C0028BE04 /* Build configuration list for PBXNativeTarget "Make24Tests" */;
			buildPhases = (
				E440CE35207DB06C0028BE04 /* Sources */,
				E440CE36207DB06C0028BE04 /* Frameworks */,
				E440CE37207DB06C0028BE04 /* Resources */,
			);
			buildRules = (
			);
			dependencies = (
				E440CE3B207DB06C0028BE04 /* PBXTargetDependency */,
			);
			name = Make24Tests;
			productName = Make24Tests;
			productReference = E440CE39207DB06C0028BE04 /* Make24Tests.xctest */;
			productType = "com.apple.product-type.bundle.unit-test";
		};
		E440CE43207DB06C0028BE04 /* Make24UITests */ = {
			isa = PBXNativeTarget;
			buildConfigurationList = E440CE53207DB06C0028BE04 /* Build configuration list for PBXNativeTarget "Make24UITests" */;
			buildPhases = (
				E440CE40207DB06C0028BE04 /* Sources */,
				E440CE41207DB06C0028BE04 /* Frameworks */,
				E440CE42207DB06C0028BE04 /* Resources */,
			);
			buildRules = (
			);
			dependencies = (
				E440CE46207DB06C0028BE04 /* PBXTargetDependency */,
			);
			name = Make24UITests;
			productName = Make24UITests;
			productReference = E440CE44207DB06C0028BE04 /* Make24UITests.xctest */;
			productType = "com.apple.product-type.bundle.ui-testing";
		};
/* End PBXNativeTarget section */

/* Begin PBXProject section */
		E440CE1D207DB06B0028BE04 /* Project object */ = {
			isa = PBXProject;
			attributes = {
				LastSwiftUpdateCheck = 0930;
				LastUpgradeCheck = 0930;
				ORGANIZATIONNAME = CMPE277;
				TargetAttributes = {
					E440CE24207DB06B0028BE04 = {
						CreatedOnToolsVersion = 9.3;
					};
					E440CE38207DB06C0028BE04 = {
						CreatedOnToolsVersion = 9.3;
						TestTargetID = E440CE24207DB06B0028BE04;
					};
					E440CE43207DB06C0028BE04 = {
						CreatedOnToolsVersion = 9.3;
						TestTargetID = E440CE24207DB06B0028BE04;
					};
				};
			};
			buildConfigurationList = E440CE20207DB06B0028BE04 /* Build configuration list for PBXProject "Make24" */;
			compatibilityVersion = "Xcode 9.3";
			developmentRegion = en;
			hasScannedForEncodings = 0;
			knownRegions = (
				en,
				Base,
			);
			mainGroup = E440CE1C207DB06B0028BE04;
			productRefGroup = E440CE26207DB06B0028BE04 /* Products */;
			projectDirPath = "";
			projectRoot = "";
			targets = (
				E440CE24207DB06B0028BE04 /* Make24 */,
				E440CE38207DB06C0028BE04 /* Make24Tests */,
				E440CE43207DB06C0028BE04 /* Make24UITests */,
			);
		};
/* End PBXProject section */

/* Begin PBXResourcesBuildPhase section */
		E440CE23207DB06B0028BE04 /* Resources */ = {
			isa = PBXResourcesBuildPhase;
			buildActionMask = 2147483647;
			files = (
				E440CE33207DB06C0028BE04 /* LaunchScreen.storyboard in Resources */,
				E440CE30207DB06C0028BE04 /* Assets.xcassets in Resources */,
				E440CE2E207DB06B0028BE04 /* Main.storyboard in Resources */,
			);
			runOnlyForDeploymentPostprocessing = 0;
		};
		E440CE37207DB06C0028BE04 /* Resources */ = {
			isa = PBXResourcesBuildPhase;
			buildActionMask = 2147483647;
			files = (
			);
			runOnlyForDeploymentPostprocessing = 0;
		};
		E440CE42207DB06C0028BE04 /* Resources */ = {
			isa = PBXResourcesBuildPhase;
			buildActionMask = 2147483647;
			files = (
			);
			runOnlyForDeploymentPostprocessing = 0;
		};
/* End PBXResourcesBuildPhase section */

/* Begin PBXSourcesBuildPhase section */
		E440CE21207DB06B0028BE04 /* Sources */ = {
			isa = PBXSourcesBuildPhase;
			buildActionMask = 2147483647;
			files = (
				E440CE2B207DB06B0028BE04 /* ViewController.swift in Sources */,
				E440CE29207DB06B0028BE04 /* AppDelegate.swift in Sources */,
			);
			runOnlyForDeploymentPostprocessing = 0;
		};
		E440CE35207DB06C0028BE04 /* Sources */ = {
			isa = PBXSourcesBuildPhase;
			buildActionMask = 2147483647;
			files = (
				E440CE3E207DB06C0028BE04 /* Make24Tests.swift in Sources */,
			);
			runOnlyForDeploymentPostprocessing = 0;
		};
		E440CE40207DB06C0028BE04 /* Sources */ = {
			isa = PBXSourcesBuildPhase;
			buildActionMask = 2147483647;
			files = (
				E440CE49207DB06C0028BE04 /* Make24UITests.swift in Sources */,
			);
			runOnlyForDeploymentPostprocessing = 0;
		};
/* End PBXSourcesBuildPhase section */

/* Begin PBXTargetDependency section */
		E440CE3B207DB06C0028BE04 /* PBXTargetDependency */ = {
			isa = PBXTargetDependency;
			target = E440CE24207DB06B0028BE04 /* Make24 */;
			targetProxy = E440CE3A207DB06C0028BE04 /* PBXContainerItemProxy */;
		};
		E440CE46207DB06C0028BE04 /* PBXTargetDependency */ = {
			isa = PBXTargetDependency;
			target = E440CE24207DB06B0028BE04 /* Make24 */;
			targetProxy = E440CE45207DB06C0028BE04 /* PBXContainerItemProxy */;
		};
/* End PBXTargetDependency section */

/* Begin PBXVariantGroup section */
		E440CE2C207DB06B0028BE04 /* Main.storyboard */ = {
			isa = PBXVariantGroup;
			children = (
				E440CE2D207DB06B0028BE04 /* Base */,
			);
			name = Main.storyboard;
			sourceTree = "<group>";
		};
		E440CE31207DB06C0028BE04 /* LaunchScreen.storyboard */ = {
			isa = PBXVariantGroup;
			children = (
				E440CE32207DB06C0028BE04 /* Base */,
			);
			name = LaunchScreen.storyboard;
			sourceTree = "<group>";
		};
/* End PBXVariantGroup section */

/* Begin XCBuildConfiguration section */
		E440CE4B207DB06C0028BE04 /* Debug */ = {
			isa = XCBuildConfiguration;
			buildSettings = {
				ALWAYS_SEARCH_USER_PATHS = NO;
				CLANG_ANALYZER_NONNULL = YES;
				CLANG_ANALYZER_NUMBER_OBJECT_CONVERSION = YES_AGGRESSIVE;
				CLANG_CXX_LANGUAGE_STANDARD = "gnu++14";
				CLANG_CXX_LIBRARY = "libc++";
				CLANG_ENABLE_MODULES = YES;
				CLANG_ENABLE_OBJC_ARC = YES;
				CLANG_ENABLE_OBJC_WEAK = YES;
				CLANG_WARN_BLOCK_CAPTURE_AUTORELEASING = YES;
				CLANG_WARN_BOOL_CONVERSION = YES;
				CLANG_WARN_COMMA = YES;
				CLANG_WARN_CONSTANT_CONVERSION = YES;
				CLANG_WARN_DEPRECATED_OBJC_IMPLEMENTATIONS = YES;
				CLANG_WARN_DIRECT_OBJC_ISA_USAGE = YES_ERROR;
				CLANG_WARN_DOCUMENTATION_COMMENTS = YES;
				CLANG_WARN_EMPTY_BODY = YES;
				CLANG_WARN_ENUM_CONVERSION = YES;
				CLANG_WARN_INFINITE_RECURSION = YES;
				CLANG_WARN_INT_CONVERSION = YES;
				CLANG_WARN_NON_LITERAL_NULL_CONVERSION = YES;
				CLANG_WARN_OBJC_IMPLICIT_RETAIN_SELF = YES;
				CLANG_WARN_OBJC_LITERAL_CONVERSION = YES;
				CLANG_WARN_OBJC_ROOT_CLASS = YES_ERROR;
				CLANG_WARN_RANGE_LOOP_ANALYSIS = YES;
				CLANG_WARN_STRICT_PROTOTYPES = YES;
				CLANG_WARN_SUSPICIOUS_MOVE = YES;
				CLANG_WARN_UNGUARDED_AVAILABILITY = YES_AGGRESSIVE;
				CLANG_WARN_UNREACHABLE_CODE = YES;
				CLANG_WARN__DUPLICATE_METHOD_MATCH = YES;
				CODE_SIGN_IDENTITY = "iPhone Developer";
				COPY_PHASE_STRIP = NO;
				DEBUG_INFORMATION_FORMAT = dwarf;
				ENABLE_STRICT_OBJC_MSGSEND = YES;
				ENABLE_TESTABILITY = YES;
				GCC_C_LANGUAGE_STANDARD = gnu11;
				GCC_DYNAMIC_NO_PIC = NO;
				GCC_NO_COMMON_BLOCKS = YES;
				GCC_OPTIMIZATION_LEVEL = 0;
				GCC_PREPROCESSOR_DEFINITIONS = (
					"DEBUG=1",
					"$(inherited)",
				);
				GCC_WARN_64_TO_32_BIT_CONVERSION = YES;
				GCC_WARN_ABOUT_RETURN_TYPE = YES_ERROR;
				GCC_WARN_UNDECLARED_SELECTOR = YES;
				GCC_WARN_UNINITIALIZED_AUTOS = YES_AGGRESSIVE;
				GCC_WARN_UNUSED_FUNCTION = YES;
				GCC_WARN_UNUSED_VARIABLE = YES;
				IPHONEOS_DEPLOYMENT_TARGET = 11.3;
				MTL_ENABLE_DEBUG_INFO = YES;
				ONLY_ACTIVE_ARCH = YES;
				SDKROOT = iphoneos;
				SWIFT_ACTIVE_COMPILATION_CONDITIONS = DEBUG;
				SWIFT_OPTIMIZATION_LEVEL = "-Onone";
			};
			name = Debug;
		};
		E440CE4C207DB06C0028BE04 /* Release */ = {
			isa = XCBuildConfiguration;
			buildSettings = {
				ALWAYS_SEARCH_USER_PATHS = NO;
				CLANG_ANALYZER_NONNULL = YES;
				CLANG_ANALYZER_NUMBER_OBJECT_CONVERSION = YES_AGGRESSIVE;
				CLANG_CXX_LANGUAGE_STANDARD = "gnu++14";
				CLANG_CXX_LIBRARY = "libc++";
				CLANG_ENABLE_MODULES = YES;
				CLANG_ENABLE_OBJC_ARC = YES;
				CLANG_ENABLE_OBJC_WEAK = YES;
				CLANG_WARN_BLOCK_CAPTURE_AUTORELEASING = YES;
				CLANG_WARN_BOOL_CONVERSION = YES;
				CLANG_WARN_COMMA = YES;
				CLANG_WARN_CONSTANT_CONVERSION = YES;
				CLANG_WARN_DEPRECATED_OBJC_IMPLEMENTATIONS = YES;
				CLANG_WARN_DIRECT_OBJC_ISA_USAGE = YES_ERROR;
				CLANG_WARN_DOCUMENTATION_COMMENTS = YES;
				CLANG_WARN_EMPTY_BODY = YES;
				CLANG_WARN_ENUM_CONVERSION = YES;
				CLANG_WARN_INFINITE_RECURSION = YES;
				CLANG_WARN_INT_CONVERSION = YES;
				CLANG_WARN_NON_LITERAL_NULL_CONVERSION = YES;
				CLANG_WARN_OBJC_IMPLICIT_RETAIN_SELF = YES;
				CLANG_WARN_OBJC_LITERAL_CONVERSION = YES;
				CLANG_WARN_OBJC_ROOT_CLASS = YES_ERROR;
				CLANG_WARN_RANGE_LOOP_ANALYSIS = YES;
				CLANG_WARN_STRICT_PROTOTYPES = YES;
				CLANG_WARN_SUSPICIOUS_MOVE = YES;
				CLANG_WARN_UNGUARDED_AVAILABILITY = YES_AGGRESSIVE;
				CLANG_WARN_UNREACHABLE_CODE = YES;
				CLANG_WARN__DUPLICATE_METHOD_MATCH = YES;
				CODE_SIGN_IDENTITY = "iPhone Developer";
				COPY_PHASE_STRIP = NO;
				DEBUG_INFORMATION_FORMAT = "dwarf-with-dsym";
				ENABLE_NS_ASSERTIONS = NO;
				ENABLE_STRICT_OBJC_MSGSEND = YES;
				GCC_C_LANGUAGE_STANDARD = gnu11;
				GCC_NO_COMMON_BLOCKS = YES;
				GCC_WARN_64_TO_32_BIT_CONVERSION = YES;
				GCC_WARN_ABOUT_RETURN_TYPE = YES_ERROR;
				GCC_WARN_UNDECLARED_SELECTOR = YES;
				GCC_WARN_UNINITIALIZED_AUTOS = YES_AGGRESSIVE;
				GCC_WARN_UNUSED_FUNCTION = YES;
				GCC_WARN_UNUSED_VARIABLE = YES;
				IPHONEOS_DEPLOYMENT_TARGET = 11.3;
				MTL_ENABLE_DEBUG_INFO = NO;
				SDKROOT = iphoneos;
				SWIFT_COMPILATION_MODE = wholemodule;
				SWIFT_OPTIMIZATION_LEVEL = "-O";
				VALIDATE_PRODUCT = YES;
			};
			name = Release;
		};
		E440CE4E207DB06C0028BE04 /* Debug */ = {
			isa = XCBuildConfiguration;
			buildSettings = {
				ASSETCATALOG_COMPILER_APPICON_NAME = AppIcon;
				CODE_SIGN_STYLE = Automatic;
				DEVELOPMENT_TEAM = VK96F78F3A;
				INFOPLIST_FILE = Make24/Info.plist;
				LD_RUNPATH_SEARCH_PATHS = (
					"$(inherited)",
					"@executable_path/Frameworks",
				);
				PRODUCT_BUNDLE_IDENTIFIER = CMEP277.Make24;
				PRODUCT_NAME = "$(TARGET_NAME)";
				SWIFT_VERSION = 4.0;
				TARGETED_DEVICE_FAMILY = "1,2";
			};
			name = Debug;
		};
		E440CE4F207DB06C0028BE04 /* Release */ = {
			isa = XCBuildConfiguration;
			buildSettings = {
				ASSETCATALOG_COMPILER_APPICON_NAME = AppIcon;
				CODE_SIGN_STYLE = Automatic;
				DEVELOPMENT_TEAM = VK96F78F3A;
				INFOPLIST_FILE = Make24/Info.plist;
				LD_RUNPATH_SEARCH_PATHS = (
					"$(inherited)",
					"@executable_path/Frameworks",
				);
				PRODUCT_BUNDLE_IDENTIFIER = CMEP277.Make24;
				PRODUCT_NAME = "$(TARGET_NAME)";
				SWIFT_VERSION = 4.0;
				TARGETED_DEVICE_FAMILY = "1,2";
			};
			name = Release;
		};
		E440CE51207DB06C0028BE04 /* Debug */ = {
			isa = XCBuildConfiguration;
			buildSettings = {
				ALWAYS_EMBED_SWIFT_STANDARD_LIBRARIES = YES;
				BUNDLE_LOADER = "$(TEST_HOST)";
				CODE_SIGN_STYLE = Automatic;
				DEVELOPMENT_TEAM = VK96F78F3A;
				INFOPLIST_FILE = Make24Tests/Info.plist;
				LD_RUNPATH_SEARCH_PATHS = (
					"$(inherited)",
					"@executable_path/Frameworks",
					"@loader_path/Frameworks",
				);
				PRODUCT_BUNDLE_IDENTIFIER = CMEP277.Make24Tests;
				PRODUCT_NAME = "$(TARGET_NAME)";
				SWIFT_VERSION = 4.0;
				TARGETED_DEVICE_FAMILY = "1,2";
				TEST_HOST = "$(BUILT_PRODUCTS_DIR)/Make24.app/Make24";
			};
			name = Debug;
		};
		E440CE52207DB06C0028BE04 /* Release */ = {
			isa = XCBuildConfiguration;
			buildSettings = {
				ALWAYS_EMBED_SWIFT_STANDARD_LIBRARIES = YES;
				BUNDLE_LOADER = "$(TEST_HOST)";
				CODE_SIGN_STYLE = Automatic;
				DEVELOPMENT_TEAM = VK96F78F3A;
				INFOPLIST_FILE = Make24Tests/Info.plist;
				LD_RUNPATH_SEARCH_PATHS = (
					"$(inherited)",
					"@executable_path/Frameworks",
					"@loader_path/Frameworks",
				);
				PRODUCT_BUNDLE_IDENTIFIER = CMEP277.Make24Tests;
				PRODUCT_NAME = "$(TARGET_NAME)";
				SWIFT_VERSION = 4.0;
				TARGETED_DEVICE_FAMILY = "1,2";
				TEST_HOST = "$(BUILT_PRODUCTS_DIR)/Make24.app/Make24";
			};
			name = Release;
		};
		E440CE54207DB06C0028BE04 /* Debug */ = {
			isa = XCBuildConfiguration;
			buildSettings = {
				ALWAYS_EMBED_SWIFT_STANDARD_LIBRARIES = YES;
				CODE_SIGN_STYLE = Automatic;
				DEVELOPMENT_TEAM = VK96F78F3A;
				INFOPLIST_FILE = Make24UITests/Info.plist;
				LD_RUNPATH_SEARCH_PATHS = (
					"$(inherited)",
					"@executable_path/Frameworks",
					"@loader_path/Frameworks",
				);
				PRODUCT_BUNDLE_IDENTIFIER = CMEP277.Make24UITests;
				PRODUCT_NAME = "$(TARGET_NAME)";
				SWIFT_VERSION = 4.0;
				TARGETED_DEVICE_FAMILY = "1,2";
				TEST_TARGET_NAME = Make24;
			};
			name = Debug;
		};
		E440CE55207DB06C0028BE04 /* Release */ = {
			isa = XCBuildConfiguration;
			buildSettings = {
				ALWAYS_EMBED_SWIFT_STANDARD_LIBRARIES = YES;
				CODE_SIGN_STYLE = Automatic;
				DEVELOPMENT_TEAM = VK96F78F3A;
				INFOPLIST_FILE = Make24UITests/Info.plist;
				LD_RUNPATH_SEARCH_PATHS = (
					"$(inherited)",
					"@executable_path/Frameworks",
					"@loader_path/Frameworks",
				);
				PRODUCT_BUNDLE_IDENTIFIER = CMEP277.Make24UITests;
				PRODUCT_NAME = "$(TARGET_NAME)";
				SWIFT_VERSION = 4.0;
				TARGETED_DEVICE_FAMILY = "1,2";
				TEST_TARGET_NAME = Make24;
			};
			name = Release;
		};
/* End XCBuildConfiguration section */

/* Begin XCConfigurationList section */
		E440CE20207DB06B0028BE04 /* Build configuration list for PBXProject "Make24" */ = {
			isa = XCConfigurationList;
			buildConfigurations = (
				E440CE4B207DB06C0028BE04 /* Debug */,
				E440CE4C207DB06C0028BE04 /* Release */,
			);
			defaultConfigurationIsVisible = 0;
			defaultConfigurationName = Release;
		};
		E440CE4D207DB06C0028BE04 /* Build configuration list for PBXNativeTarget "Make24" */ = {
			isa = XCConfigurationList;
			buildConfigurations = (
				E440CE4E207DB06C0028BE04 /* Debug */,
				E440CE4F207DB06C0028BE04 /* Release */,
			);
			defaultConfigurationIsVisible = 0;
			defaultConfigurationName = Release;
		};
		E440CE50207DB06C0028BE04 /* Build configuration list for PBXNativeTarget "Make24Tests" */ = {
			isa = XCConfigurationList;
			buildConfigurations = (
				E440CE51207DB06C0028BE04 /* Debug */,
				E440CE52207DB06C0028BE04 /* Release */,
			);
			defaultConfigurationIsVisible = 0;
			defaultConfigurationName = Release;
		};
		E440CE53207DB06C0028BE04 /* Build configuration list for PBXNativeTarget "Make24UITests" */ = {
			isa = XCConfigurationList;
			buildConfigurations = (
				E440CE54207DB06C0028BE04 /* Debug */,
				E440CE55207DB06C0028BE04 /* Release */,
			);
			defaultConfigurationIsVisible = 0;
			defaultConfigurationName = Release;
		};
/* End XCConfigurationList section */
	};
	rootObject = E440CE1D207DB06B0028BE04 /* Project object */;
}
